
Microsoft Visual Studio Solution File, Format Version 12.00
# Visual Studio 15
VisualStudioVersion = 15.0.27703.2026
MinimumVisualStudioVersion = 10.0.40219.1
Project("{FAE04EC0-301F-11D3-BF4B-00C04F79EFBC}") = "Herencia", "Herencia\Herencia.csproj", "{F4E043C3-F6D1-465F-AD00-2F297DF34D2C}"
EndProject
Global
	GlobalSection(SolutionConfigurationPlatforms) = preSolution
		Debug|Any CPU = Debug|Any CPU
		Release|Any CPU = Release|Any CPU
	EndGlobalSection
	GlobalSection(ProjectConfigurationPlatforms) = postSolution
		{F4E043C3-F6D1-465F-AD00-2F297DF34D2C}.Debug|Any CPU.ActiveCfg = Debug|Any CPU
		{F4E043C3-F6D1-465F-AD00-2F297DF34D2C}.Debug|Any CPU.Build.0 = Debug|Any CPU
		{F4E043C3-F6D1-465F-AD00-2F297DF34D2C}.Release|Any CPU.ActiveCfg = Release|Any CPU
		{F4E043C3-F6D1-465F-AD00-2F297DF34D2C}.Release|Any CPU.Build.0 = Release|Any CPU
	EndGlobalSection
	GlobalSection(SolutionProperties) = preSolution
		HideSolutionNode = FALSE
	EndGlobalSection
	GlobalSection(ExtensibilityGlobals) = postSolution
		SolutionGuid = {763CFC14-A699-4915-938F-7C1D91C2E5EB}
	EndGlobalSection
EndGlobal
